
Microsoft Visual Studio Solution File, Format Version 12.00
# Visual Studio Version 17
VisualStudioVersion = 17.2.32516.85
MinimumVisualStudioVersion = 10.0.40219.1
Project("{FAE04EC0-301F-11D3-BF4B-00C04F79EFBC}") = "ToDe.UWP", "ToDe.UWP\ToDe.UWP.csproj", "{DDC0358D-B71C-40AE-BDF5-A18BFD35F218}"
EndProject
Project("{FAE04EC0-301F-11D3-BF4B-00C04F79EFBC}") = "ToDe.Android", "ToDe.Android\ToDe.Android.csproj", "{F1A5CF1D-BEA1-44E3-B0D1-15EF4F417B0A}"
EndProject
Project("{9A19103F-16F7-4668-BE54-9A1E7A4F7556}") = "ToDe", "ToDe\ToDe.csproj", "{D65597AD-26BD-4A87-B8ED-28E5B1ED3D13}"
EndProject
Project("{9A19103F-16F7-4668-BE54-9A1E7A4F7556}") = "ToDe.Core", "ToDe.Core\ToDe.Core.csproj", "{E231D52E-5C09-44EC-BF7C-5185C6E08802}"
EndProject
Project("{2150E333-8FDC-42A3-9474-1A3956D46DE8}") = "Solution Items", "Solution Items", "{0B220DCD-060F-413F-8430-AC4CAB0232E1}"
	ProjectSection(SolutionItems) = preProject
		..\README.md = ..\README.md
	EndProjectSection
EndProject
Global
	GlobalSection(SolutionConfigurationPlatforms) = preSolution
		Debug|Any CPU = Debug|Any CPU
		Debug|ARM = Debug|ARM
		Debug|x64 = Debug|x64
		Debug|x86 = Debug|x86
		Release|Any CPU = Release|Any CPU
		Release|ARM = Release|ARM
		Release|x64 = Release|x64
		Release|x86 = Release|x86
	EndGlobalSection
	GlobalSection(ProjectConfigurationPlatforms) = postSolution
		{DDC0358D-B71C-40AE-BDF5-A18BFD35F218}.Debug|Any CPU.ActiveCfg = Debug|x64
		{DDC0358D-B71C-40AE-BDF5-A18BFD35F218}.Debug|Any CPU.Build.0 = Debug|x64
		{DDC0358D-B71C-40AE-BDF5-A18BFD35F218}.Debug|Any CPU.Deploy.0 = Debug|x64
		{DDC0358D-B71C-40AE-BDF5-A18BFD35F218}.Debug|ARM.ActiveCfg = Debug|ARM
		{DDC0358D-B71C-40AE-BDF5-A18BFD35F218}.Debug|ARM.Build.0 = Debug|ARM
		{DDC0358D-B71C-40AE-BDF5-A18BFD35F218}.Debug|ARM.Deploy.0 = Debug|ARM
		{DDC0358D-B71C-40AE-BDF5-A18BFD35F218}.Debug|x64.ActiveCfg = Debug|x64
		{DDC0358D-B71C-40AE-BDF5-A18BFD35F218}.Debug|x64.Build.0 = Debug|x64
		{DDC0358D-B71C-40AE-BDF5-A18BFD35F218}.Debug|x64.Deploy.0 = Debug|x64
		{DDC0358D-B71C-40AE-BDF5-A18BFD35F218}.Debug|x86.ActiveCfg = Debug|x86
		{DDC0358D-B71C-40AE-BDF5-A18BFD35F218}.Debug|x86.Build.0 = Debug|x86
		{DDC0358D-B71C-40AE-BDF5-A18BFD35F218}.Debug|x86.Deploy.0 = Debug|x86
		{DDC0358D-B71C-40AE-BDF5-A18BFD35F218}.Release|Any CPU.ActiveCfg = Release|x64
		{DDC0358D-B71C-40AE-BDF5-A18BFD35F218}.Release|Any CPU.Build.0 = Release|x64
		{DDC0358D-B71C-40AE-BDF5-A18BFD35F218}.Release|Any CPU.Deploy.0 = Release|x64
		{DDC0358D-B71C-40AE-BDF5-A18BFD35F218}.Release|ARM.ActiveCfg = Release|ARM
		{DDC0358D-B71C-40AE-BDF5-A18BFD35F218}.Release|ARM.Build.0 = Release|ARM
		{DDC0358D-B71C-40AE-BDF5-A18BFD35F218}.Release|ARM.Deploy.0 = Release|ARM
		{DDC0358D-B71C-40AE-BDF5-A18BFD35F218}.Release|x64.ActiveCfg = Release|x64
		{DDC0358D-B71C-40AE-BDF5-A18BFD35F218}.Release|x64.Build.0 = Release|x64
		{DDC0358D-B71C-40AE-BDF5-A18BFD35F218}.Release|x64.Deploy.0 = Release|x64
		{DDC0358D-B71C-40AE-BDF5-A18BFD35F218}.Release|x86.ActiveCfg = Release|x86
		{DDC0358D-B71C-40AE-BDF5-A18BFD35F218}.Release|x86.Build.0 = Release|x86
		{DDC0358D-B71C-40AE-BDF5-A18BFD35F218}.Release|x86.Deploy.0 = Release|x86
		{F1A5CF1D-BEA1-44E3-B0D1-15EF4F417B0A}.Debug|Any CPU.ActiveCfg = Debug|Any CPU
		{F1A5CF1D-BEA1-44E3-B0D1-15EF4F417B0A}.Debug|Any CPU.Build.0 = Debug|Any CPU
		{F1A5CF1D-BEA1-44E3-B0D1-15EF4F417B0A}.Debug|Any CPU.Deploy.0 = Debug|Any CPU
		{F1A5CF1D-BEA1-44E3-B0D1-15EF4F417B0A}.Debug|ARM.ActiveCfg = Debug|Any CPU
		{F1A5CF1D-BEA1-44E3-B0D1-15EF4F417B0A}.Debug|ARM.Build.0 = Debug|Any CPU
		{F1A5CF1D-BEA1-44E3-B0D1-15EF4F417B0A}.Debug|ARM.Deploy.0 = Debug|Any CPU
		{F1A5CF1D-BEA1-44E3-B0D1-15EF4F417B0A}.Debug|x64.ActiveCfg = Debug|Any CPU
		{F1A5CF1D-BEA1-44E3-B0D1-15EF4F417B0A}.Debug|x64.Build.0 = Debug|Any CPU
		{F1A5CF1D-BEA1-44E3-B0D1-15EF4F417B0A}.Debug|x64.Deploy.0 = Debug|Any CPU
		{F1A5CF1D-BEA1-44E3-B0D1-15EF4F417B0A}.Debug|x86.ActiveCfg = Debug|Any CPU
		{F1A5CF1D-BEA1-44E3-B0D1-15EF4F417B0A}.Debug|x86.Build.0 = Debug|Any CPU
		{F1A5CF1D-BEA1-44E3-B0D1-15EF4F417B0A}.Debug|x86.Deploy.0 = Debug|Any CPU
		{F1A5CF1D-BEA1-44E3-B0D1-15EF4F417B0A}.Release|Any CPU.ActiveCfg = Release|Any CPU
		{F1A5CF1D-BEA1-44E3-B0D1-15EF4F417B0A}.Release|Any CPU.Build.0 = Release|Any CPU
		{F1A5CF1D-BEA1-44E3-B0D1-15EF4F417B0A}.Release|Any CPU.Deploy.0 = Release|Any CPU
		{F1A5CF1D-BEA1-44E3-B0D1-15EF4F417B0A}.Release|ARM.ActiveCfg = Release|Any CPU
		{F1A5CF1D-BEA1-44E3-B0D1-15EF4F417B0A}.Release|ARM.Build.0 = Release|Any CPU
		{F1A5CF1D-BEA1-44E3-B0D1-15EF4F417B0A}.Release|ARM.Deploy.0 = Release|Any CPU
		{F1A5CF1D-BEA1-44E3-B0D1-15EF4F417B0A}.Release|x64.ActiveCfg = Release|Any CPU
		{F1A5CF1D-BEA1-44E3-B0D1-15EF4F417B0A}.Release|x64.Build.0 = Release|Any CPU
		{F1A5CF1D-BEA1-44E3-B0D1-15EF4F417B0A}.Release|x64.Deploy.0 = Release|Any CPU
		{F1A5CF1D-BEA1-44E3-B0D1-15EF4F417B0A}.Release|x86.ActiveCfg = Release|Any CPU
		{F1A5CF1D-BEA1-44E3-B0D1-15EF4F417B0A}.Release|x86.Build.0 = Release|Any CPU
		{F1A5CF1D-BEA1-44E3-B0D1-15EF4F417B0A}.Release|x86.Deploy.0 = Release|Any CPU
		{D65597AD-26BD-4A87-B8ED-28E5B1ED3D13}.Debug|Any CPU.ActiveCfg = Debug|Any CPU
		{D65597AD-26BD-4A87-B8ED-28E5B1ED3D13}.Debug|Any CPU.Build.0 = Debug|Any CPU
		{D65597AD-26BD-4A87-B8ED-28E5B1ED3D13}.Debug|Any CPU.Deploy.0 = Debug|Any CPU
		{D65597AD-26BD-4A87-B8ED-28E5B1ED3D13}.Debug|ARM.ActiveCfg = Debug|Any CPU
		{D65597AD-26BD-4A87-B8ED-28E5B1ED3D13}.Debug|ARM.Build.0 = Debug|Any CPU
		{D65597AD-26BD-4A87-B8ED-28E5B1ED3D13}.Debug|ARM.Deploy.0 = Debug|Any CPU
		{D65597AD-26BD-4A87-B8ED-28E5B1ED3D13}.Debug|x64.ActiveCfg = Debug|Any CPU
		{D65597AD-26BD-4A87-B8ED-28E5B1ED3D13}.Debug|x64.Build.0 = Debug|Any CPU
		{D65597AD-26BD-4A87-B8ED-28E5B1ED3D13}.Debug|x64.Deploy.0 = Debug|Any CPU
		{D65597AD-26BD-4A87-B8ED-28E5B1ED3D13}.Debug|x86.ActiveCfg = Debug|Any CPU
		{D65597AD-26BD-4A87-B8ED-28E5B1ED3D13}.Debug|x86.Build.0 = Debug|Any CPU
		{D65597AD-26BD-4A87-B8ED-28E5B1ED3D13}.Debug|x86.Deploy.0 = Debug|Any CPU
		{D65597AD-26BD-4A87-B8ED-28E5B1ED3D13}.Release|Any CPU.ActiveCfg = Release|Any CPU
		{D65597AD-26BD-4A87-B8ED-28E5B1ED3D13}.Release|Any CPU.Build.0 = Release|Any CPU
		{D65597AD-26BD-4A87-B8ED-28E5B1ED3D13}.Release|Any CPU.Deploy.0 = Release|Any CPU
		{D65597AD-26BD-4A87-B8ED-28E5B1ED3D13}.Release|ARM.ActiveCfg = Release|Any CPU
		{D65597AD-26BD-4A87-B8ED-28E5B1ED3D13}.Release|ARM.Build.0 = Release|Any CPU
		{D65597AD-26BD-4A87-B8ED-28E5B1ED3D13}.Release|ARM.Deploy.0 = Release|Any CPU
		{D65597AD-26BD-4A87-B8ED-28E5B1ED3D13}.Release|x64.ActiveCfg = Release|Any CPU
		{D65597AD-26BD-4A87-B8ED-28E5B1ED3D13}.Release|x64.Build.0 = Release|Any CPU
		{D65597AD-26BD-4A87-B8ED-28E5B1ED3D13}.Release|x64.Deploy.0 = Release|Any CPU
		{D65597AD-26BD-4A87-B8ED-28E5B1ED3D13}.Release|x86.ActiveCfg = Release|Any CPU
		{D65597AD-26BD-4A87-B8ED-28E5B1ED3D13}.Release|x86.Build.0 = Release|Any CPU
		{D65597AD-26BD-4A87-B8ED-28E5B1ED3D13}.Release|x86.Deploy.0 = Release|Any CPU
		{E231D52E-5C09-44EC-BF7C-5185C6E08802}.Debug|Any CPU.ActiveCfg = Debug|Any CPU
		{E231D52E-5C09-44EC-BF7C-5185C6E08802}.Debug|Any CPU.Build.0 = Debug|Any CPU
		{E231D52E-5C09-44EC-BF7C-5185C6E08802}.Debug|ARM.ActiveCfg = Debug|Any CPU
		{E231D52E-5C09-44EC-BF7C-5185C6E08802}.Debug|ARM.Build.0 = Debug|Any CPU
		{E231D52E-5C09-44EC-BF7C-5185C6E08802}.Debug|x64.ActiveCfg = Debug|Any CPU
		{E231D52E-5C09-44EC-BF7C-5185C6E08802}.Debug|x64.Build.0 = Debug|Any CPU
		{E231D52E-5C09-44EC-BF7C-5185C6E08802}.Debug|x86.ActiveCfg = Debug|Any CPU
		{E231D52E-5C09-44EC-BF7C-5185C6E08802}.Debug|x86.Build.0 = Debug|Any CPU
		{E231D52E-5C09-44EC-BF7C-5185C6E08802}.Release|Any CPU.ActiveCfg = Release|Any CPU
		{E231D52E-5C09-44EC-BF7C-5185C6E08802}.Release|Any CPU.Build.0 = Release|Any CPU
		{E231D52E-5C09-44EC-BF7C-5185C6E08802}.Release|ARM.ActiveCfg = Release|Any CPU
		{E231D52E-5C09-44EC-BF7C-5185C6E08802}.Release|ARM.Build.0 = Release|Any CPU
		{E231D52E-5C09-44EC-BF7C-5185C6E08802}.Release|x64.ActiveCfg = Release|Any CPU
		{E231D52E-5C09-44EC-BF7C-5185C6E08802}.Release|x64.Build.0 = Release|Any CPU
		{E231D52E-5C09-44EC-BF7C-5185C6E08802}.Release|x86.ActiveCfg = Release|Any CPU
		{E231D52E-5C09-44EC-BF7C-5185C6E08802}.Release|x86.Build.0 = Release|Any CPU
	EndGlobalSection
	GlobalSection(SolutionProperties) = preSolution
		HideSolutionNode = FALSE
	EndGlobalSection
	GlobalSection(ExtensibilityGlobals) = postSolution
		SolutionGuid = {173FA8ED-704E-49C0-ADD9-3A3C20628FAE}
	EndGlobalSection
EndGlobal
